
Microsoft Visual Studio Solution File, Format Version 12.00
# Visual Studio Version 16
VisualStudioVersion = 16.0.31702.278
MinimumVisualStudioVersion = 10.0.40219.1
Project("{8BC9CEB8-8B4A-11D0-8D11-00A0C91BC942}") = "Lab5", "Lab5\Lab5.vcxproj", "{6CB0545B-744B-42AC-BD42-8722E5509D22}"
EndProject
Project("{8BC9CEB8-8B4A-11D0-8D11-00A0C91BC942}") = "Lab5.2", "Lab5.2\Lab5.2.vcxproj", "{DBB61C76-4E13-447A-A9A1-09F1C566BFE8}"
EndProject
Project("{8BC9CEB8-8B4A-11D0-8D11-00A0C91BC942}") = "Lab5.2.2", "Lab5.2.2\Lab5.2.2.vcxproj", "{B1D731E6-BFFB-4AD5-BA91-3D6459B1573A}"
EndProject
Global
	GlobalSection(SolutionConfigurationPlatforms) = preSolution
		Debug|x64 = Debug|x64
		Debug|x86 = Debug|x86
		Release|x64 = Release|x64
		Release|x86 = Release|x86
	EndGlobalSection
	GlobalSection(ProjectConfigurationPlatforms) = postSolution
		{6CB0545B-744B-42AC-BD42-8722E5509D22}.Debug|x64.ActiveCfg = Debug|x64
		{6CB0545B-744B-42AC-BD42-8722E5509D22}.Debug|x64.Build.0 = Debug|x64
		{6CB0545B-744B-42AC-BD42-8722E5509D22}.Debug|x86.ActiveCfg = Debug|Win32
		{6CB0545B-744B-42AC-BD42-8722E5509D22}.Debug|x86.Build.0 = Debug|Win32
		{6CB0545B-744B-42AC-BD42-8722E5509D22}.Release|x64.ActiveCfg = Release|x64
		{6CB0545B-744B-42AC-BD42-8722E5509D22}.Release|x64.Build.0 = Release|x64
		{6CB0545B-744B-42AC-BD42-8722E5509D22}.Release|x86.ActiveCfg = Release|Win32
		{6CB0545B-744B-42AC-BD42-8722E5509D22}.Release|x86.Build.0 = Release|Win32
		{DBB61C76-4E13-447A-A9A1-09F1C566BFE8}.Debug|x64.ActiveCfg = Debug|x64
		{DBB61C76-4E13-447A-A9A1-09F1C566BFE8}.Debug|x64.Build.0 = Debug|x64
		{DBB61C76-4E13-447A-A9A1-09F1C566BFE8}.Debug|x86.ActiveCfg = Debug|Win32
		{DBB61C76-4E13-447A-A9A1-09F1C566BFE8}.Debug|x86.Build.0 = Debug|Win32
		{DBB61C76-4E13-447A-A9A1-09F1C566BFE8}.Release|x64.ActiveCfg = Release|x64
		{DBB61C76-4E13-447A-A9A1-09F1C566BFE8}.Release|x64.Build.0 = Release|x64
		{DBB61C76-4E13-447A-A9A1-09F1C566BFE8}.Release|x86.ActiveCfg = Release|Win32
		{DBB61C76-4E13-447A-A9A1-09F1C566BFE8}.Release|x86.Build.0 = Release|Win32
		{B1D731E6-BFFB-4AD5-BA91-3D6459B1573A}.Debug|x64.ActiveCfg = Debug|x64
		{B1D731E6-BFFB-4AD5-BA91-3D6459B1573A}.Debug|x64.Build.0 = Debug|x64
		{B1D731E6-BFFB-4AD5-BA91-3D6459B1573A}.Debug|x86.ActiveCfg = Debug|Win32
		{B1D731E6-BFFB-4AD5-BA91-3D6459B1573A}.Debug|x86.Build.0 = Debug|Win32
		{B1D731E6-BFFB-4AD5-BA91-3D6459B1573A}.Release|x64.ActiveCfg = Release|x64
		{B1D731E6-BFFB-4AD5-BA91-3D6459B1573A}.Release|x64.Build.0 = Release|x64
		{B1D731E6-BFFB-4AD5-BA91-3D6459B1573A}.Release|x86.ActiveCfg = Release|Win32
		{B1D731E6-BFFB-4AD5-BA91-3D6459B1573A}.Release|x86.Build.0 = Release|Win32
	EndGlobalSection
	GlobalSection(SolutionProperties) = preSolution
		HideSolutionNode = FALSE
	EndGlobalSection
	GlobalSection(ExtensibilityGlobals) = postSolution
		SolutionGuid = {4416EA50-86F6-4503-B185-27770592EFCB}
	EndGlobalSection
EndGlobal
